{
  "nodes": {
    "home-manager": {
      "inputs": {
        "nixpkgs": [
          "nixpkgs"
        ]
      },
      "locked": {
        "lastModified": 1774584114,
        "narHash": "sha256-uWR9fC+4NykFJVn4GN4Ini9LX+w8Llj7BnWKKp0N6bw=",
        "owner": "nix-community",
        "repo": "home-manager",
        "rev": "4b1be5c38be350ee9452a4847945ce71d950dc31",
        "type": "github"
      },
      "original": {
        "owner": "nix-community",
        "repo": "home-manager",
        "type": "github"
      }
    },
    "nixpkgs": {
      "locked": {
        "lastModified": 1774386573,
        "narHash": "sha256-4hAV26quOxdC6iyG7kYaZcM3VOskcPUrdCQd/nx8obc=",
        "owner": "NixOS",
        "repo": "nixpkgs",
        "rev": "46db2e09e1d3f113a13c0d7b81e2f221c63b8ce9",
        "type": "github"
      },
      "original": {
        "owner": "NixOS",
        "ref": "nixos-unstable",
        "repo": "nixpkgs",
        "type": "github"
      }
    },
    "nixpkgs_2": {
      "locked": {
        "lastModified": 1744536153,
        "narHash": "sha256-awS2zRgF4uTwrOKwwiJcByDzDOdo3Q1rPZbiHQg/N38=",
        "owner": "NixOS",
        "repo": "nixpkgs",
        "rev": "18dd725c29603f582cf1900e0d25f9f1063dbf11",
        "type": "github"
      },
      "original": {
        "owner": "NixOS",
        "ref": "nixpkgs-unstable",
        "repo": "nixpkgs",
        "type": "github"
      }
    },
    "nixpkgs_a85fc0a": {
      "locked": {
        "lastModified": 1737724520,
        "narHash": "sha256-d0S870k3OW91mxmj5VW/xxwYEYglLWL9xts7AqSE2WQ=",
        "owner": "NixOS",
        "repo": "nixpkgs",
        "rev": "a85fc0af456a898b7a4c459f38429e05df958907",
        "type": "github"
      },
      "original": {
        "owner": "NixOS",
        "repo": "nixpkgs",
        "rev": "a85fc0af456a898b7a4c459f38429e05df958907",
        "type": "github"
      }
    },
    "peeky": {
      "inputs": {
        "nixpkgs": [
          "nixpkgs"
        ],
        "rust-overlay": "rust-overlay"
      },
      "locked": {
        "lastModified": 1765468883,
        "narHash": "sha256-+zPvsahPbhrU0kEYVMsO9CyVW7tZTxKVIjXcgd2c7Os=",
        "owner": "dmyTRUEk",
        "repo": "peeky",
        "rev": "e8cdee12da77270a7b9212366a45511ea55de76b",
        "type": "github"
      },
      "original": {
        "owner": "dmyTRUEk",
        "repo": "peeky",
        "type": "github"
      }
    },
    "root": {
      "inputs": {
        "home-manager": "home-manager",
        "nixpkgs": "nixpkgs",
        "nixpkgs_a85fc0a": "nixpkgs_a85fc0a",
        "peeky": "peeky"
      }
    },
    "rust-overlay": {
      "inputs": {
        "nixpkgs": "nixpkgs_2"
      },
      "locked": {
        "lastModified": 1765161692,
        "narHash": "sha256-XdY9AFzmgRPYIhP4N+WiCHMNxPoifP5/Ld+orMYBD8c=",
        "owner": "oxalica",
        "repo": "rust-overlay",
        "rev": "7ed7e8c74be95906275805db68201e74e9904f07",
        "type": "github"
      },
      "original": {
        "owner": "oxalica",
        "repo": "rust-overlay",
        "type": "github"
      }
    }
  },
  "root": "root",
  "version": 7
}
